
Microsoft Visual Studio Solution File, Format Version 12.00
# Visual Studio Version 17
VisualStudioVersion = 17.6.33815.320
MinimumVisualStudioVersion = 10.0.40219.1
Project("{FAE04EC0-301F-11D3-BF4B-00C04F79EFBC}") = "SS_CS_Homework3", "SS_CS_Homework3.csproj", "{F55916BA-F525-43FD-886C-32600FDE5A88}"
EndProject
Global
	GlobalSection(SolutionConfigurationPlatforms) = preSolution
		Debug|Any CPU = Debug|Any CPU
		Release|Any CPU = Release|Any CPU
	EndGlobalSection
	GlobalSection(ProjectConfigurationPlatforms) = postSolution
		{F55916BA-F525-43FD-886C-32600FDE5A88}.Debug|Any CPU.ActiveCfg = Debug|Any CPU
		{F55916BA-F525-43FD-886C-32600FDE5A88}.Debug|Any CPU.Build.0 = Debug|Any CPU
		{F55916BA-F525-43FD-886C-32600FDE5A88}.Release|Any CPU.ActiveCfg = Release|Any CPU
		{F55916BA-F525-43FD-886C-32600FDE5A88}.Release|Any CPU.Build.0 = Release|Any CPU
	EndGlobalSection
	GlobalSection(SolutionProperties) = preSolution
		HideSolutionNode = FALSE
	EndGlobalSection
	GlobalSection(ExtensibilityGlobals) = postSolution
		SolutionGuid = {B6AB32A4-FB5C-4F19-8BCF-88CF9540D135}
	EndGlobalSection
EndGlobal
